// !$*UTF8*$!
{
	archiveVersion = 1;
	classes = {
	};
	objectVersion = 42;
	objects = {

/* Begin PBXBuildFile section */
		821318E00BEA0A8D0024E3AC /* unreadBezel5.tif in Resources */ = {isa = PBXBuildFile; fileRef = 821318DC0BEA0A8D0024E3AC /* unreadBezel5.tif */; };
		821318E10BEA0A8D0024E3AC /* unreadBezel4.tif in Resources */ = {isa = PBXBuildFile; fileRef = 821318DD0BEA0A8D0024E3AC /* unreadBezel4.tif */; };
		821318E20BEA0A8D0024E3AC /* unreadBezel3.tif in Resources */ = {isa = PBXBuildFile; fileRef = 821318DE0BEA0A8D0024E3AC /* unreadBezel3.tif */; };
		821318E30BEA0A8D0024E3AC /* unreadBezel1&2.tif in Resources */ = {isa = PBXBuildFile; fileRef = 821318DF0BEA0A8D0024E3AC /* unreadBezel1&2.tif */; };
		8213194C0BEB891D0024E3AC /* RMPreferencesController.m in Sources */ = {isa = PBXBuildFile; fileRef = 8213194B0BEB891D0024E3AC /* RMPreferencesController.m */; };
		821936300BD81CC90053DD37 /* RMAppController.m in Sources */ = {isa = PBXBuildFile; fileRef = 8219362F0BD81CC90053DD37 /* RMAppController.m */; };
		821936350BD81D0A0053DD37 /* WebKit.framework in Frameworks */ = {isa = PBXBuildFile; fileRef = 821936340BD81D0A0053DD37 /* WebKit.framework */; };
		821936670BD81F1F0053DD37 /* greader.css in Resources */ = {isa = PBXBuildFile; fileRef = 821936660BD81F1F0053DD37 /* greader.css */; };
		8287FF6F0BE399FF00B268A8 /* RMDockController.m in Sources */ = {isa = PBXBuildFile; fileRef = 8287FF6E0BE399FF00B268A8 /* RMDockController.m */; };
		82FBAC6C0D468EC50099F4DC /* Readomatic.icns in Resources */ = {isa = PBXBuildFile; fileRef = 82FBAC6B0D468EC50099F4DC /* Readomatic.icns */; };
		8D11072A0486CEB800E47090 /* MainMenu.nib in Resources */ = {isa = PBXBuildFile; fileRef = 29B97318FDCFA39411CA2CEA /* MainMenu.nib */; };
		8D11072B0486CEB800E47090 /* InfoPlist.strings in Resources */ = {isa = PBXBuildFile; fileRef = 089C165CFE840E0CC02AAC07 /* InfoPlist.strings */; };
		8D11072D0486CEB800E47090 /* main.m in Sources */ = {isa = PBXBuildFile; fileRef = 29B97316FDCFA39411CA2CEA /* main.m */; settings = {ATTRIBUTES = (); }; };
		8D11072F0486CEB800E47090 /* Cocoa.framework in Frameworks */ = {isa = PBXBuildFile; fileRef = 1058C7A1FEA54F0111CA2CBB /* Cocoa.framework */; };
/* End PBXBuildFile section */

/* Begin PBXFileReference section */
		089C165DFE840E0CC02AAC07 /* English */ = {isa = PBXFileReference; fileEncoding = 10; lastKnownFileType = text.plist.strings; name = English; path = English.lproj/InfoPlist.strings; sourceTree = "<group>"; };
		1058C7A1FEA54F0111CA2CBB /* Cocoa.framework */ = {isa = PBXFileReference; lastKnownFileType = wrapper.framework; name = Cocoa.framework; path = /System/Library/Frameworks/Cocoa.framework; sourceTree = "<absolute>"; };
		13E42FB307B3F0F600E4EEF1 /* CoreData.framework */ = {isa = PBXFileReference; lastKnownFileType = wrapper.framework; name = CoreData.framework; path = /System/Library/Frameworks/CoreData.framework; sourceTree = "<absolute>"; };
		29B97316FDCFA39411CA2CEA /* main.m */ = {isa = PBXFileReference; fileEncoding = 4; lastKnownFileType = sourcecode.c.objc; path = main.m; sourceTree = "<group>"; };
		29B97319FDCFA39411CA2CEA /* English */ = {isa = PBXFileReference; lastKnownFileType = wrapper.nib; name = English; path = English.lproj/MainMenu.nib; sourceTree = "<group>"; };
		29B97324FDCFA39411CA2CEA /* AppKit.framework */ = {isa = PBXFileReference; lastKnownFileType = wrapper.framework; name = AppKit.framework; path = /System/Library/Frameworks/AppKit.framework; sourceTree = "<absolute>"; };
		29B97325FDCFA39411CA2CEA /* Foundation.framework */ = {isa = PBXFileReference; lastKnownFileType = wrapper.framework; name = Foundation.framework; path = /System/Library/Frameworks/Foundation.framework; sourceTree = "<absolute>"; };
		32CA4F630368D1EE00C91783 /* Readomatic_Prefix.pch */ = {isa = PBXFileReference; fileEncoding = 4; lastKnownFileType = sourcecode.c.h; path = Readomatic_Prefix.pch; sourceTree = "<group>"; };
		821318DC0BEA0A8D0024E3AC /* unreadBezel5.tif */ = {isa = PBXFileReference; lastKnownFileType = image.tiff; path = unreadBezel5.tif; sourceTree = "<group>"; };
		821318DD0BEA0A8D0024E3AC /* unreadBezel4.tif */ = {isa = PBXFileReference; lastKnownFileType = image.tiff; path = unreadBezel4.tif; sourceTree = "<group>"; };
		821318DE0BEA0A8D0024E3AC /* unreadBezel3.tif */ = {isa = PBXFileReference; lastKnownFileType = image.tiff; path = unreadBezel3.tif; sourceTree = "<group>"; };
		821318DF0BEA0A8D0024E3AC /* unreadBezel1&2.tif */ = {isa = PBXFileReference; lastKnownFileType = image.tiff; path = "unreadBezel1&2.tif"; sourceTree = "<group>"; };
		8213194A0BEB891D0024E3AC /* RMPreferencesController.h */ = {isa = PBXFileReference; fileEncoding = 4; lastKnownFileType = sourcecode.c.h; path = RMPreferencesController.h; sourceTree = "<group>"; };
		8213194B0BEB891D0024E3AC /* RMPreferencesController.m */ = {isa = PBXFileReference; fileEncoding = 4; lastKnownFileType = sourcecode.c.objc; path = RMPreferencesController.m; sourceTree = "<group>"; };
		8219362E0BD81CC90053DD37 /* RMAppController.h */ = {isa = PBXFileReference; fileEncoding = 4; lastKnownFileType = sourcecode.c.h; path = RMAppController.h; sourceTree = "<group>"; };
		8219362F0BD81CC90053DD37 /* RMAppController.m */ = {isa = PBXFileReference; fileEncoding = 4; lastKnownFileType = sourcecode.c.objc; path = RMAppController.m; sourceTree = "<group>"; };
		821936340BD81D0A0053DD37 /* WebKit.framework */ = {isa = PBXFileReference; lastKnownFileType = wrapper.framework; name = WebKit.framework; path = /System/Library/Frameworks/WebKit.framework; sourceTree = "<absolute>"; };
		821936660BD81F1F0053DD37 /* greader.css */ = {isa = PBXFileReference; fileEncoding = 30; lastKnownFileType = text; path = greader.css; sourceTree = "<group>"; };
		8287FF6D0BE399FF00B268A8 /* RMDockController.h */ = {isa = PBXFileReference; fileEncoding = 4; lastKnownFileType = sourcecode.c.h; path = RMDockController.h; sourceTree = "<group>"; };
		8287FF6E0BE399FF00B268A8 /* RMDockController.m */ = {isa = PBXFileReference; fileEncoding = 4; lastKnownFileType = sourcecode.c.objc; path = RMDockController.m; sourceTree = "<group>"; };
		82FBAC6B0D468EC50099F4DC /* Readomatic.icns */ = {isa = PBXFileReference; lastKnownFileType = image.icns; path = Readomatic.icns; sourceTree = "<group>"; };
		8D1107310486CEB800E47090 /* Info.plist */ = {isa = PBXFileReference; fileEncoding = 4; lastKnownFileType = text.plist; path = Info.plist; sourceTree = "<group>"; };
		8D1107320486CEB800E47090 /* Readomatic.app */ = {isa = PBXFileReference; explicitFileType = wrapper.application; includeInIndex = 0; path = Readomatic.app; sourceTree = BUILT_PRODUCTS_DIR; };
/* End PBXFileReference section */

/* Begin PBXFrameworksBuildPhase section */
		8D11072E0486CEB800E47090 /* Frameworks */ = {
			isa = PBXFrameworksBuildPhase;
			buildActionMask = 2147483647;
			files = (
				8D11072F0486CEB800E47090 /* Cocoa.framework in Frameworks */,
				821936350BD81D0A0053DD37 /* WebKit.framework in Frameworks */,
			);
			runOnlyForDeploymentPostprocessing = 0;
		};
/* End PBXFrameworksBuildPhase section */

/* Begin PBXGroup section */
		080E96DDFE201D6D7F000001 /* Classes */ = {
			isa = PBXGroup;
			children = (
				8219362E0BD81CC90053DD37 /* RMAppController.h */,
				8219362F0BD81CC90053DD37 /* RMAppController.m */,
				8287FF6D0BE399FF00B268A8 /* RMDockController.h */,
				8287FF6E0BE399FF00B268A8 /* RMDockController.m */,
				8213194A0BEB891D0024E3AC /* RMPreferencesController.h */,
				8213194B0BEB891D0024E3AC /* RMPreferencesController.m */,
			);
			name = Classes;
			sourceTree = "<group>";
		};
		1058C7A0FEA54F0111CA2CBB /* Linked Frameworks */ = {
			isa = PBXGroup;
			children = (
				1058C7A1FEA54F0111CA2CBB /* Cocoa.framework */,
			);
			name = "Linked Frameworks";
			sourceTree = "<group>";
		};
		1058C7A2FEA54F0111CA2CBB /* Other Frameworks */ = {
			isa = PBXGroup;
			children = (
				821936340BD81D0A0053DD37 /* WebKit.framework */,
				29B97324FDCFA39411CA2CEA /* AppKit.framework */,
				13E42FB307B3F0F600E4EEF1 /* CoreData.framework */,
				29B97325FDCFA39411CA2CEA /* Foundation.framework */,
			);
			name = "Other Frameworks";
			sourceTree = "<group>";
		};
		19C28FACFE9D520D11CA2CBB /* Products */ = {
			isa = PBXGroup;
			children = (
				8D1107320486CEB800E47090 /* Readomatic.app */,
			);
			name = Products;
			sourceTree = "<group>";
		};
		29B97314FDCFA39411CA2CEA /* Readomatic */ = {
			isa = PBXGroup;
			children = (
				080E96DDFE201D6D7F000001 /* Classes */,
				29B97315FDCFA39411CA2CEA /* Other Sources */,
				29B97317FDCFA39411CA2CEA /* Resources */,
				29B97323FDCFA39411CA2CEA /* Frameworks */,
				19C28FACFE9D520D11CA2CBB /* Products */,
			);
			name = Readomatic;
			sourceTree = "<group>";
		};
		29B97315FDCFA39411CA2CEA /* Other Sources */ = {
			isa = PBXGroup;
			children = (
				32CA4F630368D1EE00C91783 /* Readomatic_Prefix.pch */,
				29B97316FDCFA39411CA2CEA /* main.m */,
			);
			name = "Other Sources";
			sourceTree = "<group>";
		};
		29B97317FDCFA39411CA2CEA /* Resources */ = {
			isa = PBXGroup;
			children = (
				821318DC0BEA0A8D0024E3AC /* unreadBezel5.tif */,
				821318DD0BEA0A8D0024E3AC /* unreadBezel4.tif */,
				821318DE0BEA0A8D0024E3AC /* unreadBezel3.tif */,
				821318DF0BEA0A8D0024E3AC /* unreadBezel1&2.tif */,
				82FBAC6B0D468EC50099F4DC /* Readomatic.icns */,
				821936660BD81F1F0053DD37 /* greader.css */,
				8D1107310486CEB800E47090 /* Info.plist */,
				089C165CFE840E0CC02AAC07 /* InfoPlist.strings */,
				29B97318FDCFA39411CA2CEA /* MainMenu.nib */,
			);
			name = Resources;
			sourceTree = "<group>";
		};
		29B97323FDCFA39411CA2CEA /* Frameworks */ = {
			isa = PBXGroup;
			children = (
				1058C7A0FEA54F0111CA2CBB /* Linked Frameworks */,
				1058C7A2FEA54F0111CA2CBB /* Other Frameworks */,
			);
			name = Frameworks;
			sourceTree = "<group>";
		};
/* End PBXGroup section */

/* Begin PBXNativeTarget section */
		8D1107260486CEB800E47090 /* Readomatic */ = {
			isa = PBXNativeTarget;
			buildConfigurationList = C01FCF4A08A954540054247B /* Build configuration list for PBXNativeTarget "Readomatic" */;
			buildPhases = (
				8D1107290486CEB800E47090 /* Resources */,
				8D11072C0486CEB800E47090 /* Sources */,
				8D11072E0486CEB800E47090 /* Frameworks */,
			);
			buildRules = (
			);
			dependencies = (
			);
			name = Readomatic;
			productInstallPath = "$(HOME)/Applications";
			productName = Readomatic;
			productReference = 8D1107320486CEB800E47090 /* Readomatic.app */;
			productType = "com.apple.product-type.application";
		};
/* End PBXNativeTarget section */

/* Begin PBXProject section */
		29B97313FDCFA39411CA2CEA /* Project object */ = {
			isa = PBXProject;
			buildConfigurationList = C01FCF4E08A954540054247B /* Build configuration list for PBXProject "Readomatic" */;
			compatibilityVersion = "Xcode 2.4";
			hasScannedForEncodings = 1;
			mainGroup = 29B97314FDCFA39411CA2CEA /* Readomatic */;
			projectDirPath = "";
			projectRoot = "";
			targets = (
				8D1107260486CEB800E47090 /* Readomatic */,
			);
		};
/* End PBXProject section */

/* Begin PBXResourcesBuildPhase section */
		8D1107290486CEB800E47090 /* Resources */ = {
			isa = PBXResourcesBuildPhase;
			buildActionMask = 2147483647;
			files = (
				8D11072A0486CEB800E47090 /* MainMenu.nib in Resources */,
				8D11072B0486CEB800E47090 /* InfoPlist.strings in Resources */,
				821936670BD81F1F0053DD37 /* greader.css in Resources */,
				821318E00BEA0A8D0024E3AC /* unreadBezel5.tif in Resources */,
				821318E10BEA0A8D0024E3AC /* unreadBezel4.tif in Resources */,
				821318E20BEA0A8D0024E3AC /* unreadBezel3.tif in Resources */,
				821318E30BEA0A8D0024E3AC /* unreadBezel1&2.tif in Resources */,
				82FBAC6C0D468EC50099F4DC /* Readomatic.icns in Resources */,
			);
			runOnlyForDeploymentPostprocessing = 0;
		};
/* End PBXResourcesBuildPhase section */

/* Begin PBXSourcesBuildPhase section */
		8D11072C0486CEB800E47090 /* Sources */ = {
			isa = PBXSourcesBuildPhase;
			buildActionMask = 2147483647;
			files = (
				8D11072D0486CEB800E47090 /* main.m in Sources */,
				821936300BD81CC90053DD37 /* RMAppController.m in Sources */,
				8287FF6F0BE399FF00B268A8 /* RMDockController.m in Sources */,
				8213194C0BEB891D0024E3AC /* RMPreferencesController.m in Sources */,
			);
			runOnlyForDeploymentPostprocessing = 0;
		};
/* End PBXSourcesBuildPhase section */

/* Begin PBXVariantGroup section */
		089C165CFE840E0CC02AAC07 /* InfoPlist.strings */ = {
			isa = PBXVariantGroup;
			children = (
				089C165DFE840E0CC02AAC07 /* English */,
			);
			name = InfoPlist.strings;
			sourceTree = "<group>";
		};
		29B97318FDCFA39411CA2CEA /* MainMenu.nib */ = {
			isa = PBXVariantGroup;
			children = (
				29B97319FDCFA39411CA2CEA /* English */,
			);
			name = MainMenu.nib;
			sourceTree = "<group>";
		};
/* End PBXVariantGroup section */

/* Begin XCBuildConfiguration section */
		C01FCF4B08A954540054247B /* Debug */ = {
			isa = XCBuildConfiguration;
			buildSettings = {
				COPY_PHASE_STRIP = NO;
				GCC_DYNAMIC_NO_PIC = NO;
				GCC_ENABLE_FIX_AND_CONTINUE = YES;
				GCC_MODEL_TUNING = G5;
				GCC_OPTIMIZATION_LEVEL = 0;
				INFOPLIST_FILE = Info.plist;
				INSTALL_PATH = "$(HOME)/Applications";
				PRODUCT_NAME = Readomatic;
				WRAPPER_EXTENSION = app;
				ZERO_LINK = YES;
			};
			name = Debug;
		};
		C01FCF4C08A954540054247B /* Release */ = {
			isa = XCBuildConfiguration;
			buildSettings = {
				ARCHS = (
					ppc,
					i386,
				);
				GCC_GENERATE_DEBUGGING_SYMBOLS = NO;
				GCC_MODEL_TUNING = G5;
				INFOPLIST_FILE = Info.plist;
				INSTALL_PATH = "$(HOME)/Applications";
				PRODUCT_NAME = Readomatic;
				WRAPPER_EXTENSION = app;
			};
			name = Release;
		};
		C01FCF4F08A954540054247B /* Debug */ = {
			isa = XCBuildConfiguration;
			buildSettings = {
				GCC_WARN_ABOUT_RETURN_TYPE = YES;
				GCC_WARN_UNUSED_VARIABLE = YES;
				PREBINDING = NO;
				SDKROOT = /Developer/SDKs/MacOSX10.4u.sdk;
			};
			name = Debug;
		};
		C01FCF5008A954540054247B /* Release */ = {
			isa = XCBuildConfiguration;
			buildSettings = {
				GCC_WARN_ABOUT_RETURN_TYPE = YES;
				GCC_WARN_UNUSED_VARIABLE = YES;
				PREBINDING = NO;
				SDKROOT = /Developer/SDKs/MacOSX10.4u.sdk;
			};
			name = Release;
		};
/* End XCBuildConfiguration section */

/* Begin XCConfigurationList section */
		C01FCF4A08A954540054247B /* Build configuration list for PBXNativeTarget "Readomatic" */ = {
			isa = XCConfigurationList;
			buildConfigurations = (
				C01FCF4B08A954540054247B /* Debug */,
				C01FCF4C08A954540054247B /* Release */,
			);
			defaultConfigurationIsVisible = 0;
			defaultConfigurationName = Release;
		};
		C01FCF4E08A954540054247B /* Build configuration list for PBXProject "Readomatic" */ = {
			isa = XCConfigurationList;
			buildConfigurations = (
				C01FCF4F08A954540054247B /* Debug */,
				C01FCF5008A954540054247B /* Release */,
			);
			defaultConfigurationIsVisible = 0;
			defaultConfigurationName = Release;
		};
/* End XCConfigurationList section */
	};
	rootObject = 29B97313FDCFA39411CA2CEA /* Project object */;
}
